// !$*UTF8*$!
{
	archiveVersion = 1;
	classes = {
	};
	objectVersion = 46;
	objects = {

/* Begin PBXBuildFile section */
		F01C05271E727A9B009B96F5 /* LeftMenuTableViewCell.swift in Sources */ = {isa = PBXBuildFile; fileRef = F01C05251E727A9B009B96F5 /* LeftMenuTableViewCell.swift */; };
		F01C05281E727A9B009B96F5 /* LeftMenuTableViewCell.xib in Resources */ = {isa = PBXBuildFile; fileRef = F01C05261E727A9B009B96F5 /* LeftMenuTableViewCell.xib */; };
		F01C052B1E729C5F009B96F5 /* Slide.storyboard in Resources */ = {isa = PBXBuildFile; fileRef = F01C05291E729C5F009B96F5 /* Slide.storyboard */; };
		F01C052D1E72A046009B96F5 /* AboutUsViewController.swift in Sources */ = {isa = PBXBuildFile; fileRef = F01C052C1E72A046009B96F5 /* AboutUsViewController.swift */; };
		F0371B971E77C21D00AEAC60 /* PieItemView.swift in Sources */ = {isa = PBXBuildFile; fileRef = F0371B961E77C21D00AEAC60 /* PieItemView.swift */; };
		F0371B991E77C22E00AEAC60 /* PieItemView.xib in Resources */ = {isa = PBXBuildFile; fileRef = F0371B981E77C22E00AEAC60 /* PieItemView.xib */; };
		F08BE99E1E77814E00757728 /* CollectionHeaderView.swift in Sources */ = {isa = PBXBuildFile; fileRef = F08BE99C1E77814E00757728 /* CollectionHeaderView.swift */; };
		F08BE99F1E77814E00757728 /* CollectionHeaderView.xib in Resources */ = {isa = PBXBuildFile; fileRef = F08BE99D1E77814E00757728 /* CollectionHeaderView.xib */; };
		F08BE9A11E77926300757728 /* WaterLineView.swift in Sources */ = {isa = PBXBuildFile; fileRef = F08BE9A01E77926300757728 /* WaterLineView.swift */; };
		F08BE9A31E77927200757728 /* WaterLineView.xib in Resources */ = {isa = PBXBuildFile; fileRef = F08BE9A21E77927200757728 /* WaterLineView.xib */; };
		F09432E91E73D20F00DF0473 /* barcode.png in Resources */ = {isa = PBXBuildFile; fileRef = F09432E21E73D20F00DF0473 /* barcode.png */; };
		F09432EA1E73D20F00DF0473 /* logo.png in Resources */ = {isa = PBXBuildFile; fileRef = F09432E31E73D20F00DF0473 /* logo.png */; };
		F09432EB1E73D20F00DF0473 /* tea1.jpg in Resources */ = {isa = PBXBuildFile; fileRef = F09432E41E73D20F00DF0473 /* tea1.jpg */; };
		F09432EC1E73D20F00DF0473 /* tea2.jpg in Resources */ = {isa = PBXBuildFile; fileRef = F09432E51E73D20F00DF0473 /* tea2.jpg */; };
		F09432ED1E73D20F00DF0473 /* tea3.jpg in Resources */ = {isa = PBXBuildFile; fileRef = F09432E61E73D20F00DF0473 /* tea3.jpg */; };
		F09432EE1E73D20F00DF0473 /* tea4.jpg in Resources */ = {isa = PBXBuildFile; fileRef = F09432E71E73D20F00DF0473 /* tea4.jpg */; };
		F09432EF1E73D20F00DF0473 /* tea5.jpg in Resources */ = {isa = PBXBuildFile; fileRef = F09432E81E73D20F00DF0473 /* tea5.jpg */; };
		F0DB917C1E713FD200190900 /* AppDelegate.swift in Sources */ = {isa = PBXBuildFile; fileRef = F0DB917B1E713FD200190900 /* AppDelegate.swift */; };
		F0DB91811E713FD300190900 /* Main.storyboard in Resources */ = {isa = PBXBuildFile; fileRef = F0DB917F1E713FD300190900 /* Main.storyboard */; };
		F0DB91831E713FD300190900 /* Assets.xcassets in Resources */ = {isa = PBXBuildFile; fileRef = F0DB91821E713FD300190900 /* Assets.xcassets */; };
		F0DB91861E713FD300190900 /* LaunchScreen.storyboard in Resources */ = {isa = PBXBuildFile; fileRef = F0DB91841E713FD300190900 /* LaunchScreen.storyboard */; };
		F0DB91B21E7143F100190900 /* Common.swift in Sources */ = {isa = PBXBuildFile; fileRef = F0DB91B11E7143F100190900 /* Common.swift */; };
		F0DB91B71E71473700190900 /* Localizable.strings in Resources */ = {isa = PBXBuildFile; fileRef = F0DB91B91E71473700190900 /* Localizable.strings */; };
		F0DB91C41E714B1400190900 /* String.swift in Sources */ = {isa = PBXBuildFile; fileRef = F0DB91BC1E714B1400190900 /* String.swift */; };
		F0DB91C51E714B1400190900 /* UIColor.swift in Sources */ = {isa = PBXBuildFile; fileRef = F0DB91BD1E714B1400190900 /* UIColor.swift */; };
		F0DB91C61E714B1400190900 /* UITableViewExtension.swift in Sources */ = {isa = PBXBuildFile; fileRef = F0DB91BE1E714B1400190900 /* UITableViewExtension.swift */; };
		F0DB91C71E714B1400190900 /* UIImageView.swift in Sources */ = {isa = PBXBuildFile; fileRef = F0DB91BF1E714B1400190900 /* UIImageView.swift */; };
		F0DB91C81E714B1400190900 /* UIApplication.swift in Sources */ = {isa = PBXBuildFile; fileRef = F0DB91C01E714B1400190900 /* UIApplication.swift */; };
		F0DB91C91E714B1400190900 /* UIImage.swift in Sources */ = {isa = PBXBuildFile; fileRef = F0DB91C11E714B1400190900 /* UIImage.swift */; };
		F0DB91CA1E714B1400190900 /* UIView.swift in Sources */ = {isa = PBXBuildFile; fileRef = F0DB91C21E714B1400190900 /* UIView.swift */; };
		F0DB91CB1E714B1400190900 /* UIViewController.swift in Sources */ = {isa = PBXBuildFile; fileRef = F0DB91C31E714B1400190900 /* UIViewController.swift */; };
		F0DB91D91E714C6E00190900 /* SlideMenuController.swift in Sources */ = {isa = PBXBuildFile; fileRef = F0DB91D81E714C6E00190900 /* SlideMenuController.swift */; };
		F0DB91DD1E714E1400190900 /* LeftViewController.swift in Sources */ = {isa = PBXBuildFile; fileRef = F0DB91DA1E714E1400190900 /* LeftViewController.swift */; };
		F0DB91DE1E714E1400190900 /* MainViewController.swift in Sources */ = {isa = PBXBuildFile; fileRef = F0DB91DB1E714E1400190900 /* MainViewController.swift */; };
		F0DB91DF1E714E1400190900 /* RightViewController.swift in Sources */ = {isa = PBXBuildFile; fileRef = F0DB91DC1E714E1400190900 /* RightViewController.swift */; };
		F0DB91E21E714F1F00190900 /* ImageHeaderView.swift in Sources */ = {isa = PBXBuildFile; fileRef = F0DB91E01E714F1F00190900 /* ImageHeaderView.swift */; };
		F0DB91E31E714F1F00190900 /* ImageHeaderView.xib in Resources */ = {isa = PBXBuildFile; fileRef = F0DB91E11E714F1F00190900 /* ImageHeaderView.xib */; };
		F0DB91E81E714F8F00190900 /* BaseTableViewCell.swift in Sources */ = {isa = PBXBuildFile; fileRef = F0DB91E51E714F8F00190900 /* BaseTableViewCell.swift */; };
		F0DB91E91E714F8F00190900 /* DataTableViewCell.swift in Sources */ = {isa = PBXBuildFile; fileRef = F0DB91E61E714F8F00190900 /* DataTableViewCell.swift */; };
		F0DB91EA1E714F8F00190900 /* DataTableViewCell.xib in Resources */ = {isa = PBXBuildFile; fileRef = F0DB91E71E714F8F00190900 /* DataTableViewCell.xib */; };
		F0DB91ED1E71506100190900 /* SubContentsViewController.storyboard in Resources */ = {isa = PBXBuildFile; fileRef = F0DB91EB1E71506100190900 /* SubContentsViewController.storyboard */; };
		F0DB91EE1E71506100190900 /* SubContentsViewController.swift in Sources */ = {isa = PBXBuildFile; fileRef = F0DB91EC1E71506100190900 /* SubContentsViewController.swift */; };
		F0DCBC9B1E766B5A00988008 /* GuideView.swift in Sources */ = {isa = PBXBuildFile; fileRef = F0DCBC9A1E766B5A00988008 /* GuideView.swift */; };
		F0DCBC9E1E769DC700988008 /* VideoCollectionViewCell.swift in Sources */ = {isa = PBXBuildFile; fileRef = F0DCBC9C1E769DC700988008 /* VideoCollectionViewCell.swift */; };
		F0DCBC9F1E769DC700988008 /* VideoCollectionViewCell.xib in Resources */ = {isa = PBXBuildFile; fileRef = F0DCBC9D1E769DC700988008 /* VideoCollectionViewCell.xib */; };
		F0E4D6021E72A39600CEDC40 /* style_mobile.css in Resources */ = {isa = PBXBuildFile; fileRef = F0E4D5F01E72A39600CEDC40 /* style_mobile.css */; };
		F0E4D6031E72A39600CEDC40 /* introduce.html in Resources */ = {isa = PBXBuildFile; fileRef = F0E4D5F21E72A39600CEDC40 /* introduce.html */; };
/* End PBXBuildFile section */

/* Begin PBXFileReference section */
		F01C05251E727A9B009B96F5 /* LeftMenuTableViewCell.swift */ = {isa = PBXFileReference; fileEncoding = 4; lastKnownFileType = sourcecode.swift; path = LeftMenuTableViewCell.swift; sourceTree = "<group>"; };
		F01C05261E727A9B009B96F5 /* LeftMenuTableViewCell.xib */ = {isa = PBXFileReference; fileEncoding = 4; lastKnownFileType = file.xib; path = LeftMenuTableViewCell.xib; sourceTree = "<group>"; };
		F01C052A1E729C5F009B96F5 /* Base */ = {isa = PBXFileReference; lastKnownFileType = file.storyboard; name = Base; path = SmartTeaGarden/Base.lproj/Slide.storyboard; sourceTree = SOURCE_ROOT; };
		F01C052C1E72A046009B96F5 /* AboutUsViewController.swift */ = {isa = PBXFileReference; fileEncoding = 4; lastKnownFileType = sourcecode.swift; path = AboutUsViewController.swift; sourceTree = "<group>"; };
		F0371B961E77C21D00AEAC60 /* PieItemView.swift */ = {isa = PBXFileReference; fileEncoding = 4; lastKnownFileType = sourcecode.swift; path = PieItemView.swift; sourceTree = "<group>"; };
		F0371B981E77C22E00AEAC60 /* PieItemView.xib */ = {isa = PBXFileReference; fileEncoding = 4; lastKnownFileType = file.xib; path = PieItemView.xib; sourceTree = "<group>"; };
		F08BE99C1E77814E00757728 /* CollectionHeaderView.swift */ = {isa = PBXFileReference; fileEncoding = 4; lastKnownFileType = sourcecode.swift; path = CollectionHeaderView.swift; sourceTree = "<group>"; };
		F08BE99D1E77814E00757728 /* CollectionHeaderView.xib */ = {isa = PBXFileReference; fileEncoding = 4; lastKnownFileType = file.xib; path = CollectionHeaderView.xib; sourceTree = "<group>"; };
		F08BE9A01E77926300757728 /* WaterLineView.swift */ = {isa = PBXFileReference; fileEncoding = 4; lastKnownFileType = sourcecode.swift; path = WaterLineView.swift; sourceTree = "<group>"; };
		F08BE9A21E77927200757728 /* WaterLineView.xib */ = {isa = PBXFileReference; fileEncoding = 4; lastKnownFileType = file.xib; path = WaterLineView.xib; sourceTree = "<group>"; };
		F09432E21E73D20F00DF0473 /* barcode.png */ = {isa = PBXFileReference; lastKnownFileType = image.png; path = barcode.png; sourceTree = "<group>"; };
		F09432E31E73D20F00DF0473 /* logo.png */ = {isa = PBXFileReference; lastKnownFileType = image.png; path = logo.png; sourceTree = "<group>"; };
		F09432E41E73D20F00DF0473 /* tea1.jpg */ = {isa = PBXFileReference; lastKnownFileType = image.jpeg; path = tea1.jpg; sourceTree = "<group>"; };
		F09432E51E73D20F00DF0473 /* tea2.jpg */ = {isa = PBXFileReference; lastKnownFileType = image.jpeg; path = tea2.jpg; sourceTree = "<group>"; };
		F09432E61E73D20F00DF0473 /* tea3.jpg */ = {isa = PBXFileReference; lastKnownFileType = image.jpeg; path = tea3.jpg; sourceTree = "<group>"; };
		F09432E71E73D20F00DF0473 /* tea4.jpg */ = {isa = PBXFileReference; lastKnownFileType = image.jpeg; path = tea4.jpg; sourceTree = "<group>"; };
		F09432E81E73D20F00DF0473 /* tea5.jpg */ = {isa = PBXFileReference; lastKnownFileType = image.jpeg; path = tea5.jpg; sourceTree = "<group>"; };
		F0DB91781E713FD200190900 /* SmartTeaGarden.app */ = {isa = PBXFileReference; explicitFileType = wrapper.application; includeInIndex = 0; path = SmartTeaGarden.app; sourceTree = BUILT_PRODUCTS_DIR; };
		F0DB917B1E713FD200190900 /* AppDelegate.swift */ = {isa = PBXFileReference; lastKnownFileType = sourcecode.swift; path = AppDelegate.swift; sourceTree = "<group>"; };
		F0DB91801E713FD300190900 /* Base */ = {isa = PBXFileReference; lastKnownFileType = file.storyboard; name = Base; path = Base.lproj/Main.storyboard; sourceTree = "<group>"; };
		F0DB91821E713FD300190900 /* Assets.xcassets */ = {isa = PBXFileReference; lastKnownFileType = folder.assetcatalog; path = Assets.xcassets; sourceTree = "<group>"; };
		F0DB91851E713FD300190900 /* Base */ = {isa = PBXFileReference; lastKnownFileType = file.storyboard; name = Base; path = Base.lproj/LaunchScreen.storyboard; sourceTree = "<group>"; };
		F0DB91871E713FD300190900 /* Info.plist */ = {isa = PBXFileReference; lastKnownFileType = text.plist.xml; path = Info.plist; sourceTree = "<group>"; };
		F0DB91B11E7143F100190900 /* Common.swift */ = {isa = PBXFileReference; fileEncoding = 4; lastKnownFileType = sourcecode.swift; path = Common.swift; sourceTree = "<group>"; };
		F0DB91BA1E71473D00190900 /* en */ = {isa = PBXFileReference; lastKnownFileType = text.plist.strings; name = en; path = en.lproj/Localizable.strings; sourceTree = "<group>"; };
		F0DB91BB1E71476D00190900 /* zh-Hans */ = {isa = PBXFileReference; lastKnownFileType = text.plist.strings; name = "zh-Hans"; path = "zh-Hans.lproj/Localizable.strings"; sourceTree = "<group>"; };
		F0DB91BC1E714B1400190900 /* String.swift */ = {isa = PBXFileReference; fileEncoding = 4; lastKnownFileType = sourcecode.swift; path = String.swift; sourceTree = "<group>"; };
		F0DB91BD1E714B1400190900 /* UIColor.swift */ = {isa = PBXFileReference; fileEncoding = 4; lastKnownFileType = sourcecode.swift; path = UIColor.swift; sourceTree = "<group>"; };
		F0DB91BE1E714B1400190900 /* UITableViewExtension.swift */ = {isa = PBXFileReference; fileEncoding = 4; lastKnownFileType = sourcecode.swift; path = UITableViewExtension.swift; sourceTree = "<group>"; };
		F0DB91BF1E714B1400190900 /* UIImageView.swift */ = {isa = PBXFileReference; fileEncoding = 4; lastKnownFileType = sourcecode.swift; path = UIImageView.swift; sourceTree = "<group>"; };
		F0DB91C01E714B1400190900 /* UIApplication.swift */ = {isa = PBXFileReference; fileEncoding = 4; lastKnownFileType = sourcecode.swift; path = UIApplication.swift; sourceTree = "<group>"; };
		F0DB91C11E714B1400190900 /* UIImage.swift */ = {isa = PBXFileReference; fileEncoding = 4; lastKnownFileType = sourcecode.swift; path = UIImage.swift; sourceTree = "<group>"; };
		F0DB91C21E714B1400190900 /* UIView.swift */ = {isa = PBXFileReference; fileEncoding = 4; lastKnownFileType = sourcecode.swift; path = UIView.swift; sourceTree = "<group>"; };
		F0DB91C31E714B1400190900 /* UIViewController.swift */ = {isa = PBXFileReference; fileEncoding = 4; lastKnownFileType = sourcecode.swift; path = UIViewController.swift; sourceTree = "<group>"; };
		F0DB91D81E714C6E00190900 /* SlideMenuController.swift */ = {isa = PBXFileReference; fileEncoding = 4; lastKnownFileType = sourcecode.swift; path = SlideMenuController.swift; sourceTree = "<group>"; };
		F0DB91DA1E714E1400190900 /* LeftViewController.swift */ = {isa = PBXFileReference; fileEncoding = 4; lastKnownFileType = sourcecode.swift; path = LeftViewController.swift; sourceTree = "<group>"; };
		F0DB91DB1E714E1400190900 /* MainViewController.swift */ = {isa = PBXFileReference; fileEncoding = 4; lastKnownFileType = sourcecode.swift; path = MainViewController.swift; sourceTree = "<group>"; };
		F0DB91DC1E714E1400190900 /* RightViewController.swift */ = {isa = PBXFileReference; fileEncoding = 4; lastKnownFileType = sourcecode.swift; path = RightViewController.swift; sourceTree = "<group>"; };
		F0DB91E01E714F1F00190900 /* ImageHeaderView.swift */ = {isa = PBXFileReference; fileEncoding = 4; lastKnownFileType = sourcecode.swift; path = ImageHeaderView.swift; sourceTree = "<group>"; };
		F0DB91E11E714F1F00190900 /* ImageHeaderView.xib */ = {isa = PBXFileReference; fileEncoding = 4; lastKnownFileType = file.xib; path = ImageHeaderView.xib; sourceTree = "<group>"; };
		F0DB91E51E714F8F00190900 /* BaseTableViewCell.swift */ = {isa = PBXFileReference; fileEncoding = 4; lastKnownFileType = sourcecode.swift; path = BaseTableViewCell.swift; sourceTree = "<group>"; };
		F0DB91E61E714F8F00190900 /* DataTableViewCell.swift */ = {isa = PBXFileReference; fileEncoding = 4; lastKnownFileType = sourcecode.swift; path = DataTableViewCell.swift; sourceTree = "<group>"; };
		F0DB91E71E714F8F00190900 /* DataTableViewCell.xib */ = {isa = PBXFileReference; fileEncoding = 4; lastKnownFileType = file.xib; path = DataTableViewCell.xib; sourceTree = "<group>"; };
		F0DB91EB1E71506100190900 /* SubContentsViewController.storyboard */ = {isa = PBXFileReference; fileEncoding = 4; lastKnownFileType = file.storyboard; path = SubContentsViewController.storyboard; sourceTree = "<group>"; };
		F0DB91EC1E71506100190900 /* SubContentsViewController.swift */ = {isa = PBXFileReference; fileEncoding = 4; lastKnownFileType = sourcecode.swift; path = SubContentsViewController.swift; sourceTree = "<group>"; };
		F0DCBC9A1E766B5A00988008 /* GuideView.swift */ = {isa = PBXFileReference; fileEncoding = 4; lastKnownFileType = sourcecode.swift; path = GuideView.swift; sourceTree = "<group>"; };
		F0DCBC9C1E769DC700988008 /* VideoCollectionViewCell.swift */ = {isa = PBXFileReference; fileEncoding = 4; lastKnownFileType = sourcecode.swift; path = VideoCollectionViewCell.swift; sourceTree = "<group>"; };
		F0DCBC9D1E769DC700988008 /* VideoCollectionViewCell.xib */ = {isa = PBXFileReference; fileEncoding = 4; lastKnownFileType = file.xib; path = VideoCollectionViewCell.xib; sourceTree = "<group>"; };
		F0E4D5F01E72A39600CEDC40 /* style_mobile.css */ = {isa = PBXFileReference; fileEncoding = 4; lastKnownFileType = text.css; path = style_mobile.css; sourceTree = "<group>"; };
		F0E4D5F21E72A39600CEDC40 /* introduce.html */ = {isa = PBXFileReference; fileEncoding = 4; lastKnownFileType = text.html; path = introduce.html; sourceTree = "<group>"; };
/* End PBXFileReference section */

/* Begin PBXFrameworksBuildPhase section */
		F0DB91751E713FD200190900 /* Frameworks */ = {
			isa = PBXFrameworksBuildPhase;
			buildActionMask = 2147483647;
			files = (
			);
			runOnlyForDeploymentPostprocessing = 0;
		};
/* End PBXFrameworksBuildPhase section */

/* Begin PBXGroup section */
		F0742D451E76371D00878E7B /* Launch */ = {
			isa = PBXGroup;
			children = (
				F0DCBC991E766B2D00988008 /* view */,
			);
			path = Launch;
			sourceTree = "<group>";
		};
		F0DB916F1E713FD200190900 = {
			isa = PBXGroup;
			children = (
				F0DB917A1E713FD200190900 /* SmartTeaGarden */,
				F0DB91B91E71473700190900 /* Localizable.strings */,
				F0DB91791E713FD200190900 /* Products */,
			);
			sourceTree = "<group>";
		};
		F0DB91791E713FD200190900 /* Products */ = {
			isa = PBXGroup;
			children = (
				F0DB91781E713FD200190900 /* SmartTeaGarden.app */,
			);
			name = Products;
			sourceTree = "<group>";
		};
		F0DB917A1E713FD200190900 /* SmartTeaGarden */ = {
			isa = PBXGroup;
			children = (
				F0E4D5EE1E72A39600CEDC40 /* web */,
				F0DB919E1E7142F400190900 /* classes */,
				F0DB917B1E713FD200190900 /* AppDelegate.swift */,
				F0DB91821E713FD300190900 /* Assets.xcassets */,
				F0DB91841E713FD300190900 /* LaunchScreen.storyboard */,
				F0DB91871E713FD300190900 /* Info.plist */,
			);
			path = SmartTeaGarden;
			sourceTree = "<group>";
		};
		F0DB919E1E7142F400190900 /* classes */ = {
			isa = PBXGroup;
			children = (
				F0742D451E76371D00878E7B /* Launch */,
				F0DB91CC1E714BC600190900 /* SlideMenu */,
				F0DB91AA1E7142F400190900 /* Main */,
				F0DB91B01E7143A500190900 /* Extention */,
				F0DB91AF1E7143A500190900 /* Common */,
			);
			path = classes;
			sourceTree = "<group>";
		};
		F0DB91AA1E7142F400190900 /* Main */ = {
			isa = PBXGroup;
			children = (
				F0DB917F1E713FD300190900 /* Main.storyboard */,
				F01C05291E729C5F009B96F5 /* Slide.storyboard */,
				F0DB91AB1E7142F400190900 /* Controller */,
				F0DB91AC1E7142F400190900 /* Model */,
				F0DB91AD1E7142F400190900 /* View */,
				F0DB91AE1E7142F400190900 /* ViewModel */,
			);
			path = Main;
			sourceTree = "<group>";
		};
		F0DB91AB1E7142F400190900 /* Controller */ = {
			isa = PBXGroup;
			children = (
				F0DB91EB1E71506100190900 /* SubContentsViewController.storyboard */,
				F0DB91EC1E71506100190900 /* SubContentsViewController.swift */,
				F0DB91DA1E714E1400190900 /* LeftViewController.swift */,
				F0DB91DB1E714E1400190900 /* MainViewController.swift */,
				F0DB91DC1E714E1400190900 /* RightViewController.swift */,
			);
			path = Controller;
			sourceTree = "<group>";
		};
		F0DB91AC1E7142F400190900 /* Model */ = {
			isa = PBXGroup;
			children = (
			);
			path = Model;
			sourceTree = "<group>";
		};
		F0DB91AD1E7142F400190900 /* View */ = {
			isa = PBXGroup;
			children = (
				F0DB91E41E714F8F00190900 /* TableViewCell */,
				F0DB91E01E714F1F00190900 /* ImageHeaderView.swift */,
				F0DB91E11E714F1F00190900 /* ImageHeaderView.xib */,
				F0DCBC9C1E769DC700988008 /* VideoCollectionViewCell.swift */,
				F0DCBC9D1E769DC700988008 /* VideoCollectionViewCell.xib */,
				F08BE99C1E77814E00757728 /* CollectionHeaderView.swift */,
				F08BE99D1E77814E00757728 /* CollectionHeaderView.xib */,
				F08BE9A01E77926300757728 /* WaterLineView.swift */,
				F08BE9A21E77927200757728 /* WaterLineView.xib */,
				F0371B961E77C21D00AEAC60 /* PieItemView.swift */,
				F0371B981E77C22E00AEAC60 /* PieItemView.xib */,
			);
			path = View;
			sourceTree = "<group>";
		};
		F0DB91AE1E7142F400190900 /* ViewModel */ = {
			isa = PBXGroup;
			children = (
			);
			path = ViewModel;
			sourceTree = "<group>";
		};
		F0DB91AF1E7143A500190900 /* Common */ = {
			isa = PBXGroup;
			children = (
				F0DB91B11E7143F100190900 /* Common.swift */,
			);
			path = Common;
			sourceTree = "<group>";
		};
		F0DB91B01E7143A500190900 /* Extention */ = {
			isa = PBXGroup;
			children = (
				F0DB91BC1E714B1400190900 /* String.swift */,
				F0DB91BD1E714B1400190900 /* UIColor.swift */,
				F0DB91BE1E714B1400190900 /* UITableViewExtension.swift */,
				F0DB91BF1E714B1400190900 /* UIImageView.swift */,
				F0DB91C01E714B1400190900 /* UIApplication.swift */,
				F0DB91C11E714B1400190900 /* UIImage.swift */,
				F0DB91C21E714B1400190900 /* UIView.swift */,
				F0DB91C31E714B1400190900 /* UIViewController.swift */,
			);
			path = Extention;
			sourceTree = "<group>";
		};
		F0DB91CC1E714BC600190900 /* SlideMenu */ = {
			isa = PBXGroup;
			children = (
				F0DB91D71E714C6E00190900 /* SlideMenuController */,
				F0DB91CD1E714BC600190900 /* About */,
				F0DB91D21E714BC600190900 /* HistroyVideo */,
			);
			path = SlideMenu;
			sourceTree = "<group>";
		};
		F0DB91CD1E714BC600190900 /* About */ = {
			isa = PBXGroup;
			children = (
				F0DB91CE1E714BC600190900 /* Controller */,
			);
			path = About;
			sourceTree = "<group>";
		};
		F0DB91CE1E714BC600190900 /* Controller */ = {
			isa = PBXGroup;
			children = (
				F01C052C1E72A046009B96F5 /* AboutUsViewController.swift */,
			);
			path = Controller;
			sourceTree = "<group>";
		};
		F0DB91D21E714BC600190900 /* HistroyVideo */ = {
			isa = PBXGroup;
			children = (
				F0DB91D31E714BC600190900 /* Controller */,
				F0DB91D41E714BC600190900 /* Model */,
				F0DB91D51E714BC600190900 /* View */,
				F0DB91D61E714BC600190900 /* ViewModel */,
			);
			path = HistroyVideo;
			sourceTree = "<group>";
		};
		F0DB91D31E714BC600190900 /* Controller */ = {
			isa = PBXGroup;
			children = (
			);
			path = Controller;
			sourceTree = "<group>";
		};
		F0DB91D41E714BC600190900 /* Model */ = {
			isa = PBXGroup;
			children = (
			);
			path = Model;
			sourceTree = "<group>";
		};
		F0DB91D51E714BC600190900 /* View */ = {
			isa = PBXGroup;
			children = (
			);
			path = View;
			sourceTree = "<group>";
		};
		F0DB91D61E714BC600190900 /* ViewModel */ = {
			isa = PBXGroup;
			children = (
			);
			path = ViewModel;
			sourceTree = "<group>";
		};
		F0DB91D71E714C6E00190900 /* SlideMenuController */ = {
			isa = PBXGroup;
			children = (
				F0DB91D81E714C6E00190900 /* SlideMenuController.swift */,
			);
			path = SlideMenuController;
			sourceTree = "<group>";
		};
		F0DB91E41E714F8F00190900 /* TableViewCell */ = {
			isa = PBXGroup;
			children = (
				F0DB91E51E714F8F00190900 /* BaseTableViewCell.swift */,
				F0DB91E61E714F8F00190900 /* DataTableViewCell.swift */,
				F0DB91E71E714F8F00190900 /* DataTableViewCell.xib */,
				F01C05251E727A9B009B96F5 /* LeftMenuTableViewCell.swift */,
				F01C05261E727A9B009B96F5 /* LeftMenuTableViewCell.xib */,
			);
			path = TableViewCell;
			sourceTree = "<group>";
		};
		F0DCBC991E766B2D00988008 /* view */ = {
			isa = PBXGroup;
			children = (
				F0DCBC9A1E766B5A00988008 /* GuideView.swift */,
			);
			path = view;
			sourceTree = "<group>";
		};
		F0E4D5EE1E72A39600CEDC40 /* web */ = {
			isa = PBXGroup;
			children = (
				F0E4D5EF1E72A39600CEDC40 /* CSS */,
				F0E4D5F11E72A39600CEDC40 /* Html */,
				F0E4D5F31E72A39600CEDC40 /* introduce */,
			);
			path = web;
			sourceTree = "<group>";
		};
		F0E4D5EF1E72A39600CEDC40 /* CSS */ = {
			isa = PBXGroup;
			children = (
				F0E4D5F01E72A39600CEDC40 /* style_mobile.css */,
			);
			path = CSS;
			sourceTree = "<group>";
		};
		F0E4D5F11E72A39600CEDC40 /* Html */ = {
			isa = PBXGroup;
			children = (
				F0E4D5F21E72A39600CEDC40 /* introduce.html */,
			);
			path = Html;
			sourceTree = "<group>";
		};
		F0E4D5F31E72A39600CEDC40 /* introduce */ = {
			isa = PBXGroup;
			children = (
				F0E4D5F41E72A39600CEDC40 /* pictures */,
			);
			path = introduce;
			sourceTree = "<group>";
		};
		F0E4D5F41E72A39600CEDC40 /* pictures */ = {
			isa = PBXGroup;
			children = (
				F09432E21E73D20F00DF0473 /* barcode.png */,
				F09432E31E73D20F00DF0473 /* logo.png */,
				F09432E41E73D20F00DF0473 /* tea1.jpg */,
				F09432E51E73D20F00DF0473 /* tea2.jpg */,
				F09432E61E73D20F00DF0473 /* tea3.jpg */,
				F09432E71E73D20F00DF0473 /* tea4.jpg */,
				F09432E81E73D20F00DF0473 /* tea5.jpg */,
			);
			path = pictures;
			sourceTree = "<group>";
		};
/* End PBXGroup section */

/* Begin PBXNativeTarget section */
		F0DB91771E713FD200190900 /* SmartTeaGarden */ = {
			isa = PBXNativeTarget;
			buildConfigurationList = F0DB918A1E713FD300190900 /* Build configuration list for PBXNativeTarget "SmartTeaGarden" */;
			buildPhases = (
				F0DB91741E713FD200190900 /* Sources */,
				F0DB91751E713FD200190900 /* Frameworks */,
				F0DB91761E713FD200190900 /* Resources */,
			);
			buildRules = (
			);
			dependencies = (
			);
			name = SmartTeaGarden;
			productName = SmartTeaGarden;
			productReference = F0DB91781E713FD200190900 /* SmartTeaGarden.app */;
			productType = "com.apple.product-type.application";
		};
/* End PBXNativeTarget section */

/* Begin PBXProject section */
		F0DB91701E713FD200190900 /* Project object */ = {
			isa = PBXProject;
			attributes = {
				LastSwiftUpdateCheck = 0830;
				LastUpgradeCheck = 0830;
				ORGANIZATIONNAME = tianciqinyun;
				TargetAttributes = {
					F0DB91771E713FD200190900 = {
						CreatedOnToolsVersion = 8.3;
						DevelopmentTeam = X9JT4XXQPX;
						ProvisioningStyle = Automatic;
					};
				};
			};
			buildConfigurationList = F0DB91731E713FD200190900 /* Build configuration list for PBXProject "SmartTeaGarden" */;
			compatibilityVersion = "Xcode 3.2";
			developmentRegion = English;
			hasScannedForEncodings = 0;
			knownRegions = (
				en,
				Base,
				"zh-Hans",
			);
			mainGroup = F0DB916F1E713FD200190900;
			productRefGroup = F0DB91791E713FD200190900 /* Products */;
			projectDirPath = "";
			projectRoot = "";
			targets = (
				F0DB91771E713FD200190900 /* SmartTeaGarden */,
			);
		};
/* End PBXProject section */

/* Begin PBXResourcesBuildPhase section */
		F0DB91761E713FD200190900 /* Resources */ = {
			isa = PBXResourcesBuildPhase;
			buildActionMask = 2147483647;
			files = (
				F09432EE1E73D20F00DF0473 /* tea4.jpg in Resources */,
				F09432EA1E73D20F00DF0473 /* logo.png in Resources */,
				F09432EC1E73D20F00DF0473 /* tea2.jpg in Resources */,
				F0E4D6031E72A39600CEDC40 /* introduce.html in Resources */,
				F09432EF1E73D20F00DF0473 /* tea5.jpg in Resources */,
				F0DCBC9F1E769DC700988008 /* VideoCollectionViewCell.xib in Resources */,
				F0DB91861E713FD300190900 /* LaunchScreen.storyboard in Resources */,
				F09432ED1E73D20F00DF0473 /* tea3.jpg in Resources */,
				F0DB91ED1E71506100190900 /* SubContentsViewController.storyboard in Resources */,
				F09432EB1E73D20F00DF0473 /* tea1.jpg in Resources */,
				F0371B991E77C22E00AEAC60 /* PieItemView.xib in Resources */,
				F0DB91EA1E714F8F00190900 /* DataTableViewCell.xib in Resources */,
				F0DB91E31E714F1F00190900 /* ImageHeaderView.xib in Resources */,
				F0DB91B71E71473700190900 /* Localizable.strings in Resources */,
				F08BE9A31E77927200757728 /* WaterLineView.xib in Resources */,
				F08BE99F1E77814E00757728 /* CollectionHeaderView.xib in Resources */,
				F09432E91E73D20F00DF0473 /* barcode.png in Resources */,
				F01C05281E727A9B009B96F5 /* LeftMenuTableViewCell.xib in Resources */,
				F0DB91831E713FD300190900 /* Assets.xcassets in Resources */,
				F01C052B1E729C5F009B96F5 /* Slide.storyboard in Resources */,
				F0DB91811E713FD300190900 /* Main.storyboard in Resources */,
				F0E4D6021E72A39600CEDC40 /* style_mobile.css in Resources */,
			);
			runOnlyForDeploymentPostprocessing = 0;
		};
/* End PBXResourcesBuildPhase section */

/* Begin PBXSourcesBuildPhase section */
		F0DB91741E713FD200190900 /* Sources */ = {
			isa = PBXSourcesBuildPhase;
			buildActionMask = 2147483647;
			files = (
				F0DCBC9E1E769DC700988008 /* VideoCollectionViewCell.swift in Sources */,
				F01C052D1E72A046009B96F5 /* AboutUsViewController.swift in Sources */,
				F0371B971E77C21D00AEAC60 /* PieItemView.swift in Sources */,
				F0DB91CA1E714B1400190900 /* UIView.swift in Sources */,
				F0DB91C81E714B1400190900 /* UIApplication.swift in Sources */,
				F0DB91DF1E714E1400190900 /* RightViewController.swift in Sources */,
				F0DB91EE1E71506100190900 /* SubContentsViewController.swift in Sources */,
				F0DB91CB1E714B1400190900 /* UIViewController.swift in Sources */,
				F01C05271E727A9B009B96F5 /* LeftMenuTableViewCell.swift in Sources */,
				F0DB91DD1E714E1400190900 /* LeftViewController.swift in Sources */,
				F0DB91B21E7143F100190900 /* Common.swift in Sources */,
				F0DB91E21E714F1F00190900 /* ImageHeaderView.swift in Sources */,
				F0DB91C71E714B1400190900 /* UIImageView.swift in Sources */,
				F08BE9A11E77926300757728 /* WaterLineView.swift in Sources */,
				F0DB91DE1E714E1400190900 /* MainViewController.swift in Sources */,
				F0DB91C41E714B1400190900 /* String.swift in Sources */,
				F0DB91C61E714B1400190900 /* UITableViewExtension.swift in Sources */,
				F0DB91E81E714F8F00190900 /* BaseTableViewCell.swift in Sources */,
				F0DB91E91E714F8F00190900 /* DataTableViewCell.swift in Sources */,
				F0DB91C91E714B1400190900 /* UIImage.swift in Sources */,
				F0DB917C1E713FD200190900 /* AppDelegate.swift in Sources */,
				F0DB91D91E714C6E00190900 /* SlideMenuController.swift in Sources */,
				F0DCBC9B1E766B5A00988008 /* GuideView.swift in Sources */,
				F08BE99E1E77814E00757728 /* CollectionHeaderView.swift in Sources */,
				F0DB91C51E714B1400190900 /* UIColor.swift in Sources */,
			);
			runOnlyForDeploymentPostprocessing = 0;
		};
/* End PBXSourcesBuildPhase section */

/* Begin PBXVariantGroup section */
		F01C05291E729C5F009B96F5 /* Slide.storyboard */ = {
			isa = PBXVariantGroup;
			children = (
				F01C052A1E729C5F009B96F5 /* Base */,
			);
			name = Slide.storyboard;
			sourceTree = "<group>";
		};
		F0DB917F1E713FD300190900 /* Main.storyboard */ = {
			isa = PBXVariantGroup;
			children = (
				F0DB91801E713FD300190900 /* Base */,
			);
			name = Main.storyboard;
			path = ../..;
			sourceTree = "<group>";
		};
		F0DB91841E713FD300190900 /* LaunchScreen.storyboard */ = {
			isa = PBXVariantGroup;
			children = (
				F0DB91851E713FD300190900 /* Base */,
			);
			name = LaunchScreen.storyboard;
			sourceTree = "<group>";
		};
		F0DB91B91E71473700190900 /* Localizable.strings */ = {
			isa = PBXVariantGroup;
			children = (
				F0DB91BA1E71473D00190900 /* en */,
				F0DB91BB1E71476D00190900 /* zh-Hans */,
			);
			name = Localizable.strings;
			sourceTree = "<group>";
		};
/* End PBXVariantGroup section */

/* Begin XCBuildConfiguration section */
		F0DB91881E713FD300190900 /* Debug */ = {
			isa = XCBuildConfiguration;
			buildSettings = {
				ALWAYS_SEARCH_USER_PATHS = NO;
				CLANG_ANALYZER_LOCALIZABILITY_NONLOCALIZED = YES;
				CLANG_ANALYZER_NONNULL = YES;
				CLANG_ANALYZER_NUMBER_OBJECT_CONVERSION = YES_AGGRESSIVE;
				CLANG_CXX_LANGUAGE_STANDARD = "gnu++0x";
				CLANG_CXX_LIBRARY = "libc++";
				CLANG_ENABLE_MODULES = YES;
				CLANG_ENABLE_OBJC_ARC = YES;
				CLANG_WARN_BOOL_CONVERSION = YES;
				CLANG_WARN_CONSTANT_CONVERSION = YES;
				CLANG_WARN_DIRECT_OBJC_ISA_USAGE = YES_ERROR;
				CLANG_WARN_DOCUMENTATION_COMMENTS = YES;
				CLANG_WARN_EMPTY_BODY = YES;
				CLANG_WARN_ENUM_CONVERSION = YES;
				CLANG_WARN_INFINITE_RECURSION = YES;
				CLANG_WARN_INT_CONVERSION = YES;
				CLANG_WARN_OBJC_ROOT_CLASS = YES_ERROR;
				CLANG_WARN_SUSPICIOUS_MOVE = YES;
				CLANG_WARN_UNREACHABLE_CODE = YES;
				CLANG_WARN__DUPLICATE_METHOD_MATCH = YES;
				"CODE_SIGN_IDENTITY[sdk=iphoneos*]" = "iPhone Developer";
				COPY_PHASE_STRIP = NO;
				DEBUG_INFORMATION_FORMAT = dwarf;
				ENABLE_STRICT_OBJC_MSGSEND = YES;
				ENABLE_TESTABILITY = YES;
				GCC_C_LANGUAGE_STANDARD = gnu99;
				GCC_DYNAMIC_NO_PIC = NO;
				GCC_NO_COMMON_BLOCKS = YES;
				GCC_OPTIMIZATION_LEVEL = 0;
				GCC_PREPROCESSOR_DEFINITIONS = (
					"DEBUG=1",
					"$(inherited)",
				);
				GCC_WARN_64_TO_32_BIT_CONVERSION = YES;
				GCC_WARN_ABOUT_RETURN_TYPE = YES_ERROR;
				GCC_WARN_UNDECLARED_SELECTOR = YES;
				GCC_WARN_UNINITIALIZED_AUTOS = YES_AGGRESSIVE;
				GCC_WARN_UNUSED_FUNCTION = YES;
				GCC_WARN_UNUSED_VARIABLE = YES;
				IPHONEOS_DEPLOYMENT_TARGET = 9.1;
				MTL_ENABLE_DEBUG_INFO = YES;
				ONLY_ACTIVE_ARCH = YES;
				SDKROOT = iphoneos;
				SWIFT_ACTIVE_COMPILATION_CONDITIONS = DEBUG;
				SWIFT_OPTIMIZATION_LEVEL = "-Onone";
			};
			name = Debug;
		};
		F0DB91891E713FD300190900 /* Release */ = {
			isa = XCBuildConfiguration;
			buildSettings = {
				ALWAYS_SEARCH_USER_PATHS = NO;
				CLANG_ANALYZER_LOCALIZABILITY_NONLOCALIZED = YES;
				CLANG_ANALYZER_NONNULL = YES;
				CLANG_ANALYZER_NUMBER_OBJECT_CONVERSION = YES_AGGRESSIVE;
				CLANG_CXX_LANGUAGE_STANDARD = "gnu++0x";
				CLANG_CXX_LIBRARY = "libc++";
				CLANG_ENABLE_MODULES = YES;
				CLANG_ENABLE_OBJC_ARC = YES;
				CLANG_WARN_BOOL_CONVERSION = YES;
				CLANG_WARN_CONSTANT_CONVERSION = YES;
				CLANG_WARN_DIRECT_OBJC_ISA_USAGE = YES_ERROR;
				CLANG_WARN_DOCUMENTATION_COMMENTS = YES;
				CLANG_WARN_EMPTY_BODY = YES;
				CLANG_WARN_ENUM_CONVERSION = YES;
				CLANG_WARN_INFINITE_RECURSION = YES;
				CLANG_WARN_INT_CONVERSION = YES;
				CLANG_WARN_OBJC_ROOT_CLASS = YES_ERROR;
				CLANG_WARN_SUSPICIOUS_MOVE = YES;
				CLANG_WARN_UNREACHABLE_CODE = YES;
				CLANG_WARN__DUPLICATE_METHOD_MATCH = YES;
				"CODE_SIGN_IDENTITY[sdk=iphoneos*]" = "iPhone Developer";
				COPY_PHASE_STRIP = NO;
				DEBUG_INFORMATION_FORMAT = "dwarf-with-dsym";
				ENABLE_NS_ASSERTIONS = NO;
				ENABLE_STRICT_OBJC_MSGSEND = YES;
				GCC_C_LANGUAGE_STANDARD = gnu99;
				GCC_NO_COMMON_BLOCKS = YES;
				GCC_WARN_64_TO_32_BIT_CONVERSION = YES;
				GCC_WARN_ABOUT_RETURN_TYPE = YES_ERROR;
				GCC_WARN_UNDECLARED_SELECTOR = YES;
				GCC_WARN_UNINITIALIZED_AUTOS = YES_AGGRESSIVE;
				GCC_WARN_UNUSED_FUNCTION = YES;
				GCC_WARN_UNUSED_VARIABLE = YES;
				IPHONEOS_DEPLOYMENT_TARGET = 9.1;
				MTL_ENABLE_DEBUG_INFO = NO;
				SDKROOT = iphoneos;
				SWIFT_OPTIMIZATION_LEVEL = "-Owholemodule";
				VALIDATE_PRODUCT = YES;
			};
			name = Release;
		};
		F0DB918B1E713FD300190900 /* Debug */ = {
			isa = XCBuildConfiguration;
			buildSettings = {
				ASSETCATALOG_COMPILER_APPICON_NAME = AppIcon;
				DEVELOPMENT_TEAM = X9JT4XXQPX;
				INFOPLIST_FILE = SmartTeaGarden/Info.plist;
				IPHONEOS_DEPLOYMENT_TARGET = 9.0;
				LD_RUNPATH_SEARCH_PATHS = "$(inherited) @executable_path/Frameworks";
				PRODUCT_BUNDLE_IDENTIFIER = tianciqinyun.SmartTeaGarden;
				PRODUCT_NAME = "$(TARGET_NAME)";
				SWIFT_VERSION = 3.0;
			};
			name = Debug;
		};
		F0DB918C1E713FD300190900 /* Release */ = {
			isa = XCBuildConfiguration;
			buildSettings = {
				ASSETCATALOG_COMPILER_APPICON_NAME = AppIcon;
				DEVELOPMENT_TEAM = X9JT4XXQPX;
				INFOPLIST_FILE = SmartTeaGarden/Info.plist;
				IPHONEOS_DEPLOYMENT_TARGET = 9.0;
				LD_RUNPATH_SEARCH_PATHS = "$(inherited) @executable_path/Frameworks";
				PRODUCT_BUNDLE_IDENTIFIER = tianciqinyun.SmartTeaGarden;
				PRODUCT_NAME = "$(TARGET_NAME)";
				SWIFT_VERSION = 3.0;
			};
			name = Release;
		};
/* End XCBuildConfiguration section */

/* Begin XCConfigurationList section */
		F0DB91731E713FD200190900 /* Build configuration list for PBXProject "SmartTeaGarden" */ = {
			isa = XCConfigurationList;
			buildConfigurations = (
				F0DB91881E713FD300190900 /* Debug */,
				F0DB91891E713FD300190900 /* Release */,
			);
			defaultConfigurationIsVisible = 0;
			defaultConfigurationName = Release;
		};
		F0DB918A1E713FD300190900 /* Build configuration list for PBXNativeTarget "SmartTeaGarden" */ = {
			isa = XCConfigurationList;
			buildConfigurations = (
				F0DB918B1E713FD300190900 /* Debug */,
				F0DB918C1E713FD300190900 /* Release */,
			);
			defaultConfigurationIsVisible = 0;
			defaultConfigurationName = Release;
		};
/* End XCConfigurationList section */
	};
	rootObject = F0DB91701E713FD200190900 /* Project object */;
}
