// !$*UTF8*$!
{
	archiveVersion = 1;
	classes = {
	};
	objectVersion = 46;
	objects = {

/* Begin PBXBuildFile section */
		F0DB917C1E713FD200190900 /* AppDelegate.swift in Sources */ = {isa = PBXBuildFile; fileRef = F0DB917B1E713FD200190900 /* AppDelegate.swift */; };
		F0DB917E1E713FD200190900 /* ViewController.swift in Sources */ = {isa = PBXBuildFile; fileRef = F0DB917D1E713FD200190900 /* ViewController.swift */; };
		F0DB91811E713FD300190900 /* Main.storyboard in Resources */ = {isa = PBXBuildFile; fileRef = F0DB917F1E713FD300190900 /* Main.storyboard */; };
		F0DB91831E713FD300190900 /* Assets.xcassets in Resources */ = {isa = PBXBuildFile; fileRef = F0DB91821E713FD300190900 /* Assets.xcassets */; };
		F0DB91861E713FD300190900 /* LaunchScreen.storyboard in Resources */ = {isa = PBXBuildFile; fileRef = F0DB91841E713FD300190900 /* LaunchScreen.storyboard */; };
/* End PBXBuildFile section */

/* Begin PBXFileReference section */
		F0DB91781E713FD200190900 /* SmartTeaGarden.app */ = {isa = PBXFileReference; explicitFileType = wrapper.application; includeInIndex = 0; path = SmartTeaGarden.app; sourceTree = BUILT_PRODUCTS_DIR; };
		F0DB917B1E713FD200190900 /* AppDelegate.swift */ = {isa = PBXFileReference; lastKnownFileType = sourcecode.swift; path = AppDelegate.swift; sourceTree = "<group>"; };
		F0DB917D1E713FD200190900 /* ViewController.swift */ = {isa = PBXFileReference; lastKnownFileType = sourcecode.swift; path = ViewController.swift; sourceTree = "<group>"; };
		F0DB91801E713FD300190900 /* Base */ = {isa = PBXFileReference; lastKnownFileType = file.storyboard; name = Base; path = Base.lproj/Main.storyboard; sourceTree = "<group>"; };
		F0DB91821E713FD300190900 /* Assets.xcassets */ = {isa = PBXFileReference; lastKnownFileType = folder.assetcatalog; path = Assets.xcassets; sourceTree = "<group>"; };
		F0DB91851E713FD300190900 /* Base */ = {isa = PBXFileReference; lastKnownFileType = file.storyboard; name = Base; path = Base.lproj/LaunchScreen.storyboard; sourceTree = "<group>"; };
		F0DB91871E713FD300190900 /* Info.plist */ = {isa = PBXFileReference; lastKnownFileType = text.plist.xml; path = Info.plist; sourceTree = "<group>"; };
/* End PBXFileReference section */

/* Begin PBXFrameworksBuildPhase section */
		F0DB91751E713FD200190900 /* Frameworks */ = {
			isa = PBXFrameworksBuildPhase;
			buildActionMask = 2147483647;
			files = (
			);
			runOnlyForDeploymentPostprocessing = 0;
		};
/* End PBXFrameworksBuildPhase section */

/* Begin PBXGroup section */
		F0DB916F1E713FD200190900 = {
			isa = PBXGroup;
			children = (
				F0DB917A1E713FD200190900 /* SmartTeaGarden */,
				F0DB91791E713FD200190900 /* Products */,
			);
			sourceTree = "<group>";
		};
		F0DB91791E713FD200190900 /* Products */ = {
			isa = PBXGroup;
			children = (
				F0DB91781E713FD200190900 /* SmartTeaGarden.app */,
			);
			name = Products;
			sourceTree = "<group>";
		};
		F0DB917A1E713FD200190900 /* SmartTeaGarden */ = {
			isa = PBXGroup;
			children = (
				F0DB917B1E713FD200190900 /* AppDelegate.swift */,
				F0DB917D1E713FD200190900 /* ViewController.swift */,
				F0DB917F1E713FD300190900 /* Main.storyboard */,
				F0DB91821E713FD300190900 /* Assets.xcassets */,
				F0DB91841E713FD300190900 /* LaunchScreen.storyboard */,
				F0DB91871E713FD300190900 /* Info.plist */,
			);
			path = SmartTeaGarden;
			sourceTree = "<group>";
		};
/* End PBXGroup section */

/* Begin PBXNativeTarget section */
		F0DB91771E713FD200190900 /* SmartTeaGarden */ = {
			isa = PBXNativeTarget;
			buildConfigurationList = F0DB918A1E713FD300190900 /* Build configuration list for PBXNativeTarget "SmartTeaGarden" */;
			buildPhases = (
				F0DB91741E713FD200190900 /* Sources */,
				F0DB91751E713FD200190900 /* Frameworks */,
				F0DB91761E713FD200190900 /* Resources */,
			);
			buildRules = (
			);
			dependencies = (
			);
			name = SmartTeaGarden;
			productName = SmartTeaGarden;
			productReference = F0DB91781E713FD200190900 /* SmartTeaGarden.app */;
			productType = "com.apple.product-type.application";
		};
/* End PBXNativeTarget section */

/* Begin PBXProject section */
		F0DB91701E713FD200190900 /* Project object */ = {
			isa = PBXProject;
			attributes = {
				LastSwiftUpdateCheck = 0830;
				LastUpgradeCheck = 0830;
				ORGANIZATIONNAME = tianciqinyun;
				TargetAttributes = {
					F0DB91771E713FD200190900 = {
						CreatedOnToolsVersion = 8.3;
						DevelopmentTeam = X9JT4XXQPX;
						ProvisioningStyle = Automatic;
					};
				};
			};
			buildConfigurationList = F0DB91731E713FD200190900 /* Build configuration list for PBXProject "SmartTeaGarden" */;
			compatibilityVersion = "Xcode 3.2";
			developmentRegion = English;
			hasScannedForEncodings = 0;
			knownRegions = (
				en,
				Base,
			);
			mainGroup = F0DB916F1E713FD200190900;
			productRefGroup = F0DB91791E713FD200190900 /* Products */;
			projectDirPath = "";
			projectRoot = "";
			targets = (
				F0DB91771E713FD200190900 /* SmartTeaGarden */,
			);
		};
/* End PBXProject section */

/* Begin PBXResourcesBuildPhase section */
		F0DB91761E713FD200190900 /* Resources */ = {
			isa = PBXResourcesBuildPhase;
			buildActionMask = 2147483647;
			files = (
				F0DB91861E713FD300190900 /* LaunchScreen.storyboard in Resources */,
				F0DB91831E713FD300190900 /* Assets.xcassets in Resources */,
				F0DB91811E713FD300190900 /* Main.storyboard in Resources */,
			);
			runOnlyForDeploymentPostprocessing = 0;
		};
/* End PBXResourcesBuildPhase section */

/* Begin PBXSourcesBuildPhase section */
		F0DB91741E713FD200190900 /* Sources */ = {
			isa = PBXSourcesBuildPhase;
			buildActionMask = 2147483647;
			files = (
				F0DB917E1E713FD200190900 /* ViewController.swift in Sources */,
				F0DB917C1E713FD200190900 /* AppDelegate.swift in Sources */,
			);
			runOnlyForDeploymentPostprocessing = 0;
		};
/* End PBXSourcesBuildPhase section */

/* Begin PBXVariantGroup section */
		F0DB917F1E713FD300190900 /* Main.storyboard */ = {
			isa = PBXVariantGroup;
			children = (
				F0DB91801E713FD300190900 /* Base */,
			);
			name = Main.storyboard;
			sourceTree = "<group>";
		};
		F0DB91841E713FD300190900 /* LaunchScreen.storyboard */ = {
			isa = PBXVariantGroup;
			children = (
				F0DB91851E713FD300190900 /* Base */,
			);
			name = LaunchScreen.storyboard;
			sourceTree = "<group>";
		};
/* End PBXVariantGroup section */

/* Begin XCBuildConfiguration section */
		F0DB91881E713FD300190900 /* Debug */ = {
			isa = XCBuildConfiguration;
			buildSettings = {
				ALWAYS_SEARCH_USER_PATHS = NO;
				CLANG_ANALYZER_NONNULL = YES;
				CLANG_ANALYZER_NUMBER_OBJECT_CONVERSION = YES_AGGRESSIVE;
				CLANG_CXX_LANGUAGE_STANDARD = "gnu++0x";
				CLANG_CXX_LIBRARY = "libc++";
				CLANG_ENABLE_MODULES = YES;
				CLANG_ENABLE_OBJC_ARC = YES;
				CLANG_WARN_BOOL_CONVERSION = YES;
				CLANG_WARN_CONSTANT_CONVERSION = YES;
				CLANG_WARN_DIRECT_OBJC_ISA_USAGE = YES_ERROR;
				CLANG_WARN_DOCUMENTATION_COMMENTS = YES;
				CLANG_WARN_EMPTY_BODY = YES;
				CLANG_WARN_ENUM_CONVERSION = YES;
				CLANG_WARN_INFINITE_RECURSION = YES;
				CLANG_WARN_INT_CONVERSION = YES;
				CLANG_WARN_OBJC_ROOT_CLASS = YES_ERROR;
				CLANG_WARN_SUSPICIOUS_MOVE = YES;
				CLANG_WARN_UNREACHABLE_CODE = YES;
				CLANG_WARN__DUPLICATE_METHOD_MATCH = YES;
				"CODE_SIGN_IDENTITY[sdk=iphoneos*]" = "iPhone Developer";
				COPY_PHASE_STRIP = NO;
				DEBUG_INFORMATION_FORMAT = dwarf;
				ENABLE_STRICT_OBJC_MSGSEND = YES;
				ENABLE_TESTABILITY = YES;
				GCC_C_LANGUAGE_STANDARD = gnu99;
				GCC_DYNAMIC_NO_PIC = NO;
				GCC_NO_COMMON_BLOCKS = YES;
				GCC_OPTIMIZATION_LEVEL = 0;
				GCC_PREPROCESSOR_DEFINITIONS = (
					"DEBUG=1",
					"$(inherited)",
				);
				GCC_WARN_64_TO_32_BIT_CONVERSION = YES;
				GCC_WARN_ABOUT_RETURN_TYPE = YES_ERROR;
				GCC_WARN_UNDECLARED_SELECTOR = YES;
				GCC_WARN_UNINITIALIZED_AUTOS = YES_AGGRESSIVE;
				GCC_WARN_UNUSED_FUNCTION = YES;
				GCC_WARN_UNUSED_VARIABLE = YES;
				IPHONEOS_DEPLOYMENT_TARGET = 10.3;
				MTL_ENABLE_DEBUG_INFO = YES;
				ONLY_ACTIVE_ARCH = YES;
				SDKROOT = iphoneos;
				SWIFT_ACTIVE_COMPILATION_CONDITIONS = DEBUG;
				SWIFT_OPTIMIZATION_LEVEL = "-Onone";
			};
			name = Debug;
		};
		F0DB91891E713FD300190900 /* Release */ = {
			isa = XCBuildConfiguration;
			buildSettings = {
				ALWAYS_SEARCH_USER_PATHS = NO;
				CLANG_ANALYZER_NONNULL = YES;
				CLANG_ANALYZER_NUMBER_OBJECT_CONVERSION = YES_AGGRESSIVE;
				CLANG_CXX_LANGUAGE_STANDARD = "gnu++0x";
				CLANG_CXX_LIBRARY = "libc++";
				CLANG_ENABLE_MODULES = YES;
				CLANG_ENABLE_OBJC_ARC = YES;
				CLANG_WARN_BOOL_CONVERSION = YES;
				CLANG_WARN_CONSTANT_CONVERSION = YES;
				CLANG_WARN_DIRECT_OBJC_ISA_USAGE = YES_ERROR;
				CLANG_WARN_DOCUMENTATION_COMMENTS = YES;
				CLANG_WARN_EMPTY_BODY = YES;
				CLANG_WARN_ENUM_CONVERSION = YES;
				CLANG_WARN_INFINITE_RECURSION = YES;
				CLANG_WARN_INT_CONVERSION = YES;
				CLANG_WARN_OBJC_ROOT_CLASS = YES_ERROR;
				CLANG_WARN_SUSPICIOUS_MOVE = YES;
				CLANG_WARN_UNREACHABLE_CODE = YES;
				CLANG_WARN__DUPLICATE_METHOD_MATCH = YES;
				"CODE_SIGN_IDENTITY[sdk=iphoneos*]" = "iPhone Developer";
				COPY_PHASE_STRIP = NO;
				DEBUG_INFORMATION_FORMAT = "dwarf-with-dsym";
				ENABLE_NS_ASSERTIONS = NO;
				ENABLE_STRICT_OBJC_MSGSEND = YES;
				GCC_C_LANGUAGE_STANDARD = gnu99;
				GCC_NO_COMMON_BLOCKS = YES;
				GCC_WARN_64_TO_32_BIT_CONVERSION = YES;
				GCC_WARN_ABOUT_RETURN_TYPE = YES_ERROR;
				GCC_WARN_UNDECLARED_SELECTOR = YES;
				GCC_WARN_UNINITIALIZED_AUTOS = YES_AGGRESSIVE;
				GCC_WARN_UNUSED_FUNCTION = YES;
				GCC_WARN_UNUSED_VARIABLE = YES;
				IPHONEOS_DEPLOYMENT_TARGET = 10.3;
				MTL_ENABLE_DEBUG_INFO = NO;
				SDKROOT = iphoneos;
				SWIFT_OPTIMIZATION_LEVEL = "-Owholemodule";
				VALIDATE_PRODUCT = YES;
			};
			name = Release;
		};
		F0DB918B1E713FD300190900 /* Debug */ = {
			isa = XCBuildConfiguration;
			buildSettings = {
				ASSETCATALOG_COMPILER_APPICON_NAME = AppIcon;
				DEVELOPMENT_TEAM = X9JT4XXQPX;
				INFOPLIST_FILE = SmartTeaGarden/Info.plist;
				IPHONEOS_DEPLOYMENT_TARGET = 9.0;
				LD_RUNPATH_SEARCH_PATHS = "$(inherited) @executable_path/Frameworks";
				PRODUCT_BUNDLE_IDENTIFIER = tianciqinyun.SmartTeaGarden;
				PRODUCT_NAME = "$(TARGET_NAME)";
				SWIFT_VERSION = 3.0;
			};
			name = Debug;
		};
		F0DB918C1E713FD300190900 /* Release */ = {
			isa = XCBuildConfiguration;
			buildSettings = {
				ASSETCATALOG_COMPILER_APPICON_NAME = AppIcon;
				DEVELOPMENT_TEAM = X9JT4XXQPX;
				INFOPLIST_FILE = SmartTeaGarden/Info.plist;
				IPHONEOS_DEPLOYMENT_TARGET = 9.0;
				LD_RUNPATH_SEARCH_PATHS = "$(inherited) @executable_path/Frameworks";
				PRODUCT_BUNDLE_IDENTIFIER = tianciqinyun.SmartTeaGarden;
				PRODUCT_NAME = "$(TARGET_NAME)";
				SWIFT_VERSION = 3.0;
			};
			name = Release;
		};
/* End XCBuildConfiguration section */

/* Begin XCConfigurationList section */
		F0DB91731E713FD200190900 /* Build configuration list for PBXProject "SmartTeaGarden" */ = {
			isa = XCConfigurationList;
			buildConfigurations = (
				F0DB91881E713FD300190900 /* Debug */,
				F0DB91891E713FD300190900 /* Release */,
			);
			defaultConfigurationIsVisible = 0;
			defaultConfigurationName = Release;
		};
		F0DB918A1E713FD300190900 /* Build configuration list for PBXNativeTarget "SmartTeaGarden" */ = {
			isa = XCConfigurationList;
			buildConfigurations = (
				F0DB918B1E713FD300190900 /* Debug */,
				F0DB918C1E713FD300190900 /* Release */,
			);
			defaultConfigurationIsVisible = 0;
		};
/* End XCConfigurationList section */
	};
	rootObject = F0DB91701E713FD200190900 /* Project object */;
}
